
Microsoft Visual Studio Solution File, Format Version 11.00
# Visual Studio 2010
Project("{FAE04EC0-301F-11D3-BF4B-00C04F79EFBC}") = "fodboldspil", "Assembly-CSharp.csproj", "{704858E3-5A4C-9A28-FF28-9AB6749D1D1B}"
EndProject
Project("{FAE04EC0-301F-11D3-BF4B-00C04F79EFBC}") = "fodboldspil", "Assembly-CSharp-Editor.csproj", "{C7B4D080-AAD4-172C-66B9-BE576AC14F86}"
EndProject
Global
	GlobalSection(SolutionConfigurationPlatforms) = preSolution
		Debug|Any CPU = Debug|Any CPU
		Release|Any CPU = Release|Any CPU
	EndGlobalSection
	GlobalSection(ProjectConfigurationPlatforms) = postSolution
		{704858E3-5A4C-9A28-FF28-9AB6749D1D1B}.Debug|Any CPU.ActiveCfg = Debug|Any CPU
		{704858E3-5A4C-9A28-FF28-9AB6749D1D1B}.Debug|Any CPU.Build.0 = Debug|Any CPU
		{704858E3-5A4C-9A28-FF28-9AB6749D1D1B}.Release|Any CPU.ActiveCfg = Release|Any CPU
		{704858E3-5A4C-9A28-FF28-9AB6749D1D1B}.Release|Any CPU.Build.0 = Release|Any CPU
		{C7B4D080-AAD4-172C-66B9-BE576AC14F86}.Debug|Any CPU.ActiveCfg = Debug|Any CPU
		{C7B4D080-AAD4-172C-66B9-BE576AC14F86}.Debug|Any CPU.Build.0 = Debug|Any CPU
		{C7B4D080-AAD4-172C-66B9-BE576AC14F86}.Release|Any CPU.ActiveCfg = Release|Any CPU
		{C7B4D080-AAD4-172C-66B9-BE576AC14F86}.Release|Any CPU.Build.0 = Release|Any CPU
	EndGlobalSection
	GlobalSection(SolutionProperties) = preSolution
		HideSolutionNode = FALSE
	EndGlobalSection
	GlobalSection(MonoDevelopProperties) = preSolution
		StartupItem = Assembly-CSharp.csproj
	EndGlobalSection
EndGlobal
